
Microsoft Visual Studio Solution File, Format Version 12.00
# Visual Studio Version 16
VisualStudioVersion = 16.0.31911.196
MinimumVisualStudioVersion = 10.0.40219.1
Project("{FAE04EC0-301F-11D3-BF4B-00C04F79EFBC}") = "WebApplication1", "WebApplication1\WebApplication1.csproj", "{EFE64098-2613-4403-94F4-E4B62401C76F}"
EndProject
Project("{FAE04EC0-301F-11D3-BF4B-00C04F79EFBC}") = "WebApplication4", "WebApplication4\WebApplication4.csproj", "{BF05722C-D260-494A-A77F-3C7A1831F9AF}"
EndProject
Global
	GlobalSection(SolutionConfigurationPlatforms) = preSolution
		Debug|Any CPU = Debug|Any CPU
		Release|Any CPU = Release|Any CPU
	EndGlobalSection
	GlobalSection(ProjectConfigurationPlatforms) = postSolution
		{EFE64098-2613-4403-94F4-E4B62401C76F}.Debug|Any CPU.ActiveCfg = Debug|Any CPU
		{EFE64098-2613-4403-94F4-E4B62401C76F}.Debug|Any CPU.Build.0 = Debug|Any CPU
		{EFE64098-2613-4403-94F4-E4B62401C76F}.Release|Any CPU.ActiveCfg = Release|Any CPU
		{EFE64098-2613-4403-94F4-E4B62401C76F}.Release|Any CPU.Build.0 = Release|Any CPU
		{BF05722C-D260-494A-A77F-3C7A1831F9AF}.Debug|Any CPU.ActiveCfg = Debug|Any CPU
		{BF05722C-D260-494A-A77F-3C7A1831F9AF}.Debug|Any CPU.Build.0 = Debug|Any CPU
		{BF05722C-D260-494A-A77F-3C7A1831F9AF}.Release|Any CPU.ActiveCfg = Release|Any CPU
		{BF05722C-D260-494A-A77F-3C7A1831F9AF}.Release|Any CPU.Build.0 = Release|Any CPU
	EndGlobalSection
	GlobalSection(SolutionProperties) = preSolution
		HideSolutionNode = FALSE
	EndGlobalSection
	GlobalSection(ExtensibilityGlobals) = postSolution
		SolutionGuid = {43C78E31-7C27-4027-80D1-EE48F40A0070}
	EndGlobalSection
EndGlobal
